// !$*UTF8*$!
{
	archiveVersion = 1;
	classes = {
	};
	objectVersion = 56;
	objects = {

/* Begin PBXBuildFile section */
		B672C1E92B2E8B3D002BC167 /* TheMealDatabase_MVPApp.swift in Sources */ = {isa = PBXBuildFile; fileRef = B672C1E82B2E8B3D002BC167 /* TheMealDatabase_MVPApp.swift */; };
		B672C1EB2B2E8B3D002BC167 /* ContentView.swift in Sources */ = {isa = PBXBuildFile; fileRef = B672C1EA2B2E8B3D002BC167 /* ContentView.swift */; };
		B672C1ED2B2E8B3E002BC167 /* Assets.xcassets in Resources */ = {isa = PBXBuildFile; fileRef = B672C1EC2B2E8B3E002BC167 /* Assets.xcassets */; };
		B672C1F02B2E8B3E002BC167 /* Preview Assets.xcassets in Resources */ = {isa = PBXBuildFile; fileRef = B672C1EF2B2E8B3E002BC167 /* Preview Assets.xcassets */; };
		B672C1F72B2E8B4A002BC167 /* README.txt in Resources */ = {isa = PBXBuildFile; fileRef = B672C1F62B2E8B4A002BC167 /* README.txt */; };
		B672C1FC2B2E9031002BC167 /* ServiceModel.swift in Sources */ = {isa = PBXBuildFile; fileRef = B672C1FB2B2E9031002BC167 /* ServiceModel.swift */; };
		B672C1FE2B2E95C2002BC167 /* JSONStructure.swift in Sources */ = {isa = PBXBuildFile; fileRef = B672C1FD2B2E95C2002BC167 /* JSONStructure.swift */; };
		B672C2002B2EA778002BC167 /* RecipeDetailView.swift in Sources */ = {isa = PBXBuildFile; fileRef = B672C1FF2B2EA777002BC167 /* RecipeDetailView.swift */; };
/* End PBXBuildFile section */

/* Begin PBXFileReference section */
		B672C1E52B2E8B3D002BC167 /* TheMealDatabase_MVP.app */ = {isa = PBXFileReference; explicitFileType = wrapper.application; includeInIndex = 0; path = TheMealDatabase_MVP.app; sourceTree = BUILT_PRODUCTS_DIR; };
		B672C1E82B2E8B3D002BC167 /* TheMealDatabase_MVPApp.swift */ = {isa = PBXFileReference; lastKnownFileType = sourcecode.swift; path = TheMealDatabase_MVPApp.swift; sourceTree = "<group>"; };
		B672C1EA2B2E8B3D002BC167 /* ContentView.swift */ = {isa = PBXFileReference; lastKnownFileType = sourcecode.swift; path = ContentView.swift; sourceTree = "<group>"; };
		B672C1EC2B2E8B3E002BC167 /* Assets.xcassets */ = {isa = PBXFileReference; lastKnownFileType = folder.assetcatalog; path = Assets.xcassets; sourceTree = "<group>"; };
		B672C1EF2B2E8B3E002BC167 /* Preview Assets.xcassets */ = {isa = PBXFileReference; lastKnownFileType = folder.assetcatalog; path = "Preview Assets.xcassets"; sourceTree = "<group>"; };
		B672C1F62B2E8B4A002BC167 /* README.txt */ = {isa = PBXFileReference; fileEncoding = 4; lastKnownFileType = text; path = README.txt; sourceTree = "<group>"; };
		B672C1FB2B2E9031002BC167 /* ServiceModel.swift */ = {isa = PBXFileReference; lastKnownFileType = sourcecode.swift; path = ServiceModel.swift; sourceTree = "<group>"; };
		B672C1FD2B2E95C2002BC167 /* JSONStructure.swift */ = {isa = PBXFileReference; lastKnownFileType = sourcecode.swift; path = JSONStructure.swift; sourceTree = "<group>"; };
		B672C1FF2B2EA777002BC167 /* RecipeDetailView.swift */ = {isa = PBXFileReference; lastKnownFileType = sourcecode.swift; path = RecipeDetailView.swift; sourceTree = "<group>"; };
/* End PBXFileReference section */

/* Begin PBXFrameworksBuildPhase section */
		B672C1E22B2E8B3D002BC167 /* Frameworks */ = {
			isa = PBXFrameworksBuildPhase;
			buildActionMask = 2147483647;
			files = (
			);
			runOnlyForDeploymentPostprocessing = 0;
		};
/* End PBXFrameworksBuildPhase section */

/* Begin PBXGroup section */
		B672C1DC2B2E8B3D002BC167 = {
			isa = PBXGroup;
			children = (
				B672C1F62B2E8B4A002BC167 /* README.txt */,
				B672C1E72B2E8B3D002BC167 /* TheMealDatabase_MVP */,
				B672C1E62B2E8B3D002BC167 /* Products */,
			);
			sourceTree = "<group>";
		};
		B672C1E62B2E8B3D002BC167 /* Products */ = {
			isa = PBXGroup;
			children = (
				B672C1E52B2E8B3D002BC167 /* TheMealDatabase_MVP.app */,
			);
			name = Products;
			sourceTree = "<group>";
		};
		B672C1E72B2E8B3D002BC167 /* TheMealDatabase_MVP */ = {
			isa = PBXGroup;
			children = (
				B672C1E82B2E8B3D002BC167 /* TheMealDatabase_MVPApp.swift */,
				B6D7F4DD2B31E41B000719BD /* Views */,
				B672C1F82B2E8C44002BC167 /* Models */,
				B672C1EC2B2E8B3E002BC167 /* Assets.xcassets */,
				B672C1EE2B2E8B3E002BC167 /* Preview Content */,
			);
			path = TheMealDatabase_MVP;
			sourceTree = "<group>";
		};
		B672C1EE2B2E8B3E002BC167 /* Preview Content */ = {
			isa = PBXGroup;
			children = (
				B672C1EF2B2E8B3E002BC167 /* Preview Assets.xcassets */,
			);
			path = "Preview Content";
			sourceTree = "<group>";
		};
		B672C1F82B2E8C44002BC167 /* Models */ = {
			isa = PBXGroup;
			children = (
				B672C1FB2B2E9031002BC167 /* ServiceModel.swift */,
				B672C1FD2B2E95C2002BC167 /* JSONStructure.swift */,
			);
			path = Models;
			sourceTree = "<group>";
		};
		B6D7F4DD2B31E41B000719BD /* Views */ = {
			isa = PBXGroup;
			children = (
				B672C1EA2B2E8B3D002BC167 /* ContentView.swift */,
				B672C1FF2B2EA777002BC167 /* RecipeDetailView.swift */,
			);
			path = Views;
			sourceTree = "<group>";
		};
/* End PBXGroup section */

/* Begin PBXNativeTarget section */
		B672C1E42B2E8B3D002BC167 /* TheMealDatabase_MVP */ = {
			isa = PBXNativeTarget;
			buildConfigurationList = B672C1F32B2E8B3E002BC167 /* Build configuration list for PBXNativeTarget "TheMealDatabase_MVP" */;
			buildPhases = (
				B672C1E12B2E8B3D002BC167 /* Sources */,
				B672C1E22B2E8B3D002BC167 /* Frameworks */,
				B672C1E32B2E8B3D002BC167 /* Resources */,
			);
			buildRules = (
			);
			dependencies = (
			);
			name = TheMealDatabase_MVP;
			productName = TheMealDatabase_MVP;
			productReference = B672C1E52B2E8B3D002BC167 /* TheMealDatabase_MVP.app */;
			productType = "com.apple.product-type.application";
		};
/* End PBXNativeTarget section */

/* Begin PBXProject section */
		B672C1DD2B2E8B3D002BC167 /* Project object */ = {
			isa = PBXProject;
			attributes = {
				BuildIndependentTargetsInParallel = 1;
				LastSwiftUpdateCheck = 1500;
				LastUpgradeCheck = 1500;
				TargetAttributes = {
					B672C1E42B2E8B3D002BC167 = {
						CreatedOnToolsVersion = 15.0.1;
					};
				};
			};
			buildConfigurationList = B672C1E02B2E8B3D002BC167 /* Build configuration list for PBXProject "TheMealDatabase_MVP" */;
			compatibilityVersion = "Xcode 14.0";
			developmentRegion = en;
			hasScannedForEncodings = 0;
			knownRegions = (
				en,
				Base,
			);
			mainGroup = B672C1DC2B2E8B3D002BC167;
			productRefGroup = B672C1E62B2E8B3D002BC167 /* Products */;
			projectDirPath = "";
			projectRoot = "";
			targets = (
				B672C1E42B2E8B3D002BC167 /* TheMealDatabase_MVP */,
			);
		};
/* End PBXProject section */

/* Begin PBXResourcesBuildPhase section */
		B672C1E32B2E8B3D002BC167 /* Resources */ = {
			isa = PBXResourcesBuildPhase;
			buildActionMask = 2147483647;
			files = (
				B672C1F02B2E8B3E002BC167 /* Preview Assets.xcassets in Resources */,
				B672C1F72B2E8B4A002BC167 /* README.txt in Resources */,
				B672C1ED2B2E8B3E002BC167 /* Assets.xcassets in Resources */,
			);
			runOnlyForDeploymentPostprocessing = 0;
		};
/* End PBXResourcesBuildPhase section */

/* Begin PBXSourcesBuildPhase section */
		B672C1E12B2E8B3D002BC167 /* Sources */ = {
			isa = PBXSourcesBuildPhase;
			buildActionMask = 2147483647;
			files = (
				B672C1FE2B2E95C2002BC167 /* JSONStructure.swift in Sources */,
				B672C1EB2B2E8B3D002BC167 /* ContentView.swift in Sources */,
				B672C2002B2EA778002BC167 /* RecipeDetailView.swift in Sources */,
				B672C1E92B2E8B3D002BC167 /* TheMealDatabase_MVPApp.swift in Sources */,
				B672C1FC2B2E9031002BC167 /* ServiceModel.swift in Sources */,
			);
			runOnlyForDeploymentPostprocessing = 0;
		};
/* End PBXSourcesBuildPhase section */

/* Begin XCBuildConfiguration section */
		B672C1F12B2E8B3E002BC167 /* Debug */ = {
			isa = XCBuildConfiguration;
			buildSettings = {
				ALWAYS_SEARCH_USER_PATHS = NO;
				ASSETCATALOG_COMPILER_GENERATE_SWIFT_ASSET_SYMBOL_EXTENSIONS = YES;
				CLANG_ANALYZER_NONNULL = YES;
				CLANG_ANALYZER_NUMBER_OBJECT_CONVERSION = YES_AGGRESSIVE;
				CLANG_CXX_LANGUAGE_STANDARD = "gnu++20";
				CLANG_ENABLE_MODULES = YES;
				CLANG_ENABLE_OBJC_ARC = YES;
				CLANG_ENABLE_OBJC_WEAK = YES;
				CLANG_WARN_BLOCK_CAPTURE_AUTORELEASING = YES;
				CLANG_WARN_BOOL_CONVERSION = YES;
				CLANG_WARN_COMMA = YES;
				CLANG_WARN_CONSTANT_CONVERSION = YES;
				CLANG_WARN_DEPRECATED_OBJC_IMPLEMENTATIONS = YES;
				CLANG_WARN_DIRECT_OBJC_ISA_USAGE = YES_ERROR;
				CLANG_WARN_DOCUMENTATION_COMMENTS = YES;
				CLANG_WARN_EMPTY_BODY = YES;
				CLANG_WARN_ENUM_CONVERSION = YES;
				CLANG_WARN_INFINITE_RECURSION = YES;
				CLANG_WARN_INT_CONVERSION = YES;
				CLANG_WARN_NON_LITERAL_NULL_CONVERSION = YES;
				CLANG_WARN_OBJC_IMPLICIT_RETAIN_SELF = YES;
				CLANG_WARN_OBJC_LITERAL_CONVERSION = YES;
				CLANG_WARN_OBJC_ROOT_CLASS = YES_ERROR;
				CLANG_WARN_QUOTED_INCLUDE_IN_FRAMEWORK_HEADER = YES;
				CLANG_WARN_RANGE_LOOP_ANALYSIS = YES;
				CLANG_WARN_STRICT_PROTOTYPES = YES;
				CLANG_WARN_SUSPICIOUS_MOVE = YES;
				CLANG_WARN_UNGUARDED_AVAILABILITY = YES_AGGRESSIVE;
				CLANG_WARN_UNREACHABLE_CODE = YES;
				CLANG_WARN__DUPLICATE_METHOD_MATCH = YES;
				COPY_PHASE_STRIP = NO;
				DEBUG_INFORMATION_FORMAT = dwarf;
				ENABLE_STRICT_OBJC_MSGSEND = YES;
				ENABLE_TESTABILITY = YES;
				ENABLE_USER_SCRIPT_SANDBOXING = YES;
				GCC_C_LANGUAGE_STANDARD = gnu17;
				GCC_DYNAMIC_NO_PIC = NO;
				GCC_NO_COMMON_BLOCKS = YES;
				GCC_OPTIMIZATION_LEVEL = 0;
				GCC_PREPROCESSOR_DEFINITIONS = (
					"DEBUG=1",
					"$(inherited)",
				);
				GCC_WARN_64_TO_32_BIT_CONVERSION = YES;
				GCC_WARN_ABOUT_RETURN_TYPE = YES_ERROR;
				GCC_WARN_UNDECLARED_SELECTOR = YES;
				GCC_WARN_UNINITIALIZED_AUTOS = YES_AGGRESSIVE;
				GCC_WARN_UNUSED_FUNCTION = YES;
				GCC_WARN_UNUSED_VARIABLE = YES;
				IPHONEOS_DEPLOYMENT_TARGET = 17.0;
				LOCALIZATION_PREFERS_STRING_CATALOGS = YES;
				MTL_ENABLE_DEBUG_INFO = INCLUDE_SOURCE;
				MTL_FAST_MATH = YES;
				ONLY_ACTIVE_ARCH = YES;
				SDKROOT = iphoneos;
				SWIFT_ACTIVE_COMPILATION_CONDITIONS = "DEBUG $(inherited)";
				SWIFT_OPTIMIZATION_LEVEL = "-Onone";
			};
			name = Debug;
		};
		B672C1F22B2E8B3E002BC167 /* Release */ = {
			isa = XCBuildConfiguration;
			buildSettings = {
				ALWAYS_SEARCH_USER_PATHS = NO;
				ASSETCATALOG_COMPILER_GENERATE_SWIFT_ASSET_SYMBOL_EXTENSIONS = YES;
				CLANG_ANALYZER_NONNULL = YES;
				CLANG_ANALYZER_NUMBER_OBJECT_CONVERSION = YES_AGGRESSIVE;
				CLANG_CXX_LANGUAGE_STANDARD = "gnu++20";
				CLANG_ENABLE_MODULES = YES;
				CLANG_ENABLE_OBJC_ARC = YES;
				CLANG_ENABLE_OBJC_WEAK = YES;
				CLANG_WARN_BLOCK_CAPTURE_AUTORELEASING = YES;
				CLANG_WARN_BOOL_CONVERSION = YES;
				CLANG_WARN_COMMA = YES;
				CLANG_WARN_CONSTANT_CONVERSION = YES;
				CLANG_WARN_DEPRECATED_OBJC_IMPLEMENTATIONS = YES;
				CLANG_WARN_DIRECT_OBJC_ISA_USAGE = YES_ERROR;
				CLANG_WARN_DOCUMENTATION_COMMENTS = YES;
				CLANG_WARN_EMPTY_BODY = YES;
				CLANG_WARN_ENUM_CONVERSION = YES;
				CLANG_WARN_INFINITE_RECURSION = YES;
				CLANG_WARN_INT_CONVERSION = YES;
				CLANG_WARN_NON_LITERAL_NULL_CONVERSION = YES;
				CLANG_WARN_OBJC_IMPLICIT_RETAIN_SELF = YES;
				CLANG_WARN_OBJC_LITERAL_CONVERSION = YES;
				CLANG_WARN_OBJC_ROOT_CLASS = YES_ERROR;
				CLANG_WARN_QUOTED_INCLUDE_IN_FRAMEWORK_HEADER = YES;
				CLANG_WARN_RANGE_LOOP_ANALYSIS = YES;
				CLANG_WARN_STRICT_PROTOTYPES = YES;
				CLANG_WARN_SUSPICIOUS_MOVE = YES;
				CLANG_WARN_UNGUARDED_AVAILABILITY = YES_AGGRESSIVE;
				CLANG_WARN_UNREACHABLE_CODE = YES;
				CLANG_WARN__DUPLICATE_METHOD_MATCH = YES;
				COPY_PHASE_STRIP = NO;
				DEBUG_INFORMATION_FORMAT = "dwarf-with-dsym";
				ENABLE_NS_ASSERTIONS = NO;
				ENABLE_STRICT_OBJC_MSGSEND = YES;
				ENABLE_USER_SCRIPT_SANDBOXING = YES;
				GCC_C_LANGUAGE_STANDARD = gnu17;
				GCC_NO_COMMON_BLOCKS = YES;
				GCC_WARN_64_TO_32_BIT_CONVERSION = YES;
				GCC_WARN_ABOUT_RETURN_TYPE = YES_ERROR;
				GCC_WARN_UNDECLARED_SELECTOR = YES;
				GCC_WARN_UNINITIALIZED_AUTOS = YES_AGGRESSIVE;
				GCC_WARN_UNUSED_FUNCTION = YES;
				GCC_WARN_UNUSED_VARIABLE = YES;
				IPHONEOS_DEPLOYMENT_TARGET = 17.0;
				LOCALIZATION_PREFERS_STRING_CATALOGS = YES;
				MTL_ENABLE_DEBUG_INFO = NO;
				MTL_FAST_MATH = YES;
				SDKROOT = iphoneos;
				SWIFT_COMPILATION_MODE = wholemodule;
				VALIDATE_PRODUCT = YES;
			};
			name = Release;
		};
		B672C1F42B2E8B3E002BC167 /* Debug */ = {
			isa = XCBuildConfiguration;
			buildSettings = {
				ASSETCATALOG_COMPILER_APPICON_NAME = AppIcon;
				ASSETCATALOG_COMPILER_GLOBAL_ACCENT_COLOR_NAME = AccentColor;
				CODE_SIGN_STYLE = Automatic;
				CURRENT_PROJECT_VERSION = 1;
				DEVELOPMENT_ASSET_PATHS = "\"TheMealDatabase_MVP/Preview Content\"";
				ENABLE_PREVIEWS = YES;
				GENERATE_INFOPLIST_FILE = YES;
				INFOPLIST_KEY_UIApplicationSceneManifest_Generation = YES;
				INFOPLIST_KEY_UIApplicationSupportsIndirectInputEvents = YES;
				INFOPLIST_KEY_UILaunchScreen_Generation = YES;
				INFOPLIST_KEY_UISupportedInterfaceOrientations_iPad = "UIInterfaceOrientationPortrait UIInterfaceOrientationPortraitUpsideDown UIInterfaceOrientationLandscapeLeft UIInterfaceOrientationLandscapeRight";
				INFOPLIST_KEY_UISupportedInterfaceOrientations_iPhone = "UIInterfaceOrientationPortrait UIInterfaceOrientationLandscapeLeft UIInterfaceOrientationLandscapeRight";
				LD_RUNPATH_SEARCH_PATHS = (
					"$(inherited)",
					"@executable_path/Frameworks",
				);
				MARKETING_VERSION = 1.0;
				PRODUCT_BUNDLE_IDENTIFIER = "com.example.TheMealDatabase-MVP";
				PRODUCT_NAME = "$(TARGET_NAME)";
				SWIFT_EMIT_LOC_STRINGS = YES;
				SWIFT_VERSION = 5.0;
				TARGETED_DEVICE_FAMILY = "1,2";
			};
			name = Debug;
		};
		B672C1F52B2E8B3E002BC167 /* Release */ = {
			isa = XCBuildConfiguration;
			buildSettings = {
				ASSETCATALOG_COMPILER_APPICON_NAME = AppIcon;
				ASSETCATALOG_COMPILER_GLOBAL_ACCENT_COLOR_NAME = AccentColor;
				CODE_SIGN_STYLE = Automatic;
				CURRENT_PROJECT_VERSION = 1;
				DEVELOPMENT_ASSET_PATHS = "\"TheMealDatabase_MVP/Preview Content\"";
				ENABLE_PREVIEWS = YES;
				GENERATE_INFOPLIST_FILE = YES;
				INFOPLIST_KEY_UIApplicationSceneManifest_Generation = YES;
				INFOPLIST_KEY_UIApplicationSupportsIndirectInputEvents = YES;
				INFOPLIST_KEY_UILaunchScreen_Generation = YES;
				INFOPLIST_KEY_UISupportedInterfaceOrientations_iPad = "UIInterfaceOrientationPortrait UIInterfaceOrientationPortraitUpsideDown UIInterfaceOrientationLandscapeLeft UIInterfaceOrientationLandscapeRight";
				INFOPLIST_KEY_UISupportedInterfaceOrientations_iPhone = "UIInterfaceOrientationPortrait UIInterfaceOrientationLandscapeLeft UIInterfaceOrientationLandscapeRight";
				LD_RUNPATH_SEARCH_PATHS = (
					"$(inherited)",
					"@executable_path/Frameworks",
				);
				MARKETING_VERSION = 1.0;
				PRODUCT_BUNDLE_IDENTIFIER = "com.example.TheMealDatabase-MVP";
				PRODUCT_NAME = "$(TARGET_NAME)";
				SWIFT_EMIT_LOC_STRINGS = YES;
				SWIFT_VERSION = 5.0;
				TARGETED_DEVICE_FAMILY = "1,2";
			};
			name = Release;
		};
/* End XCBuildConfiguration section */

/* Begin XCConfigurationList section */
		B672C1E02B2E8B3D002BC167 /* Build configuration list for PBXProject "TheMealDatabase_MVP" */ = {
			isa = XCConfigurationList;
			buildConfigurations = (
				B672C1F12B2E8B3E002BC167 /* Debug */,
				B672C1F22B2E8B3E002BC167 /* Release */,
			);
			defaultConfigurationIsVisible = 0;
			defaultConfigurationName = Release;
		};
		B672C1F32B2E8B3E002BC167 /* Build configuration list for PBXNativeTarget "TheMealDatabase_MVP" */ = {
			isa = XCConfigurationList;
			buildConfigurations = (
				B672C1F42B2E8B3E002BC167 /* Debug */,
				B672C1F52B2E8B3E002BC167 /* Release */,
			);
			defaultConfigurationIsVisible = 0;
			defaultConfigurationName = Release;
		};
/* End XCConfigurationList section */
	};
	rootObject = B672C1DD2B2E8B3D002BC167 /* Project object */;
}
